
Microsoft Visual Studio Solution File, Format Version 12.00
# Visual Studio Version 17
VisualStudioVersion = 17.0.31919.166
MinimumVisualStudioVersion = 10.0.40219.1
Project("{FAE04EC0-301F-11D3-BF4B-00C04F79EFBC}") = "test 2.0", "test 2.0\test 2.0.csproj", "{97942E2E-89CC-48CC-85EA-5C60F5E4D3AE}"
EndProject
Global
	GlobalSection(SolutionConfigurationPlatforms) = preSolution
		Debug|Any CPU = Debug|Any CPU
		Release|Any CPU = Release|Any CPU
	EndGlobalSection
	GlobalSection(ProjectConfigurationPlatforms) = postSolution
		{97942E2E-89CC-48CC-85EA-5C60F5E4D3AE}.Debug|Any CPU.ActiveCfg = Debug|Any CPU
		{97942E2E-89CC-48CC-85EA-5C60F5E4D3AE}.Debug|Any CPU.Build.0 = Debug|Any CPU
		{97942E2E-89CC-48CC-85EA-5C60F5E4D3AE}.Release|Any CPU.ActiveCfg = Release|Any CPU
		{97942E2E-89CC-48CC-85EA-5C60F5E4D3AE}.Release|Any CPU.Build.0 = Release|Any CPU
	EndGlobalSection
	GlobalSection(SolutionProperties) = preSolution
		HideSolutionNode = FALSE
	EndGlobalSection
	GlobalSection(ExtensibilityGlobals) = postSolution
		SolutionGuid = {5064CB5B-E2BC-4060-AA8B-43E79CDD0201}
	EndGlobalSection
EndGlobal
